<?xml version="1.0" encoding="utf-8"?>
<Project ToolsVersion="4.0" xmlns="http://schemas.microsoft.com/developer/msbuild/2003">
  <ItemGroup>
    <Filter Include="Source Files">
      <UniqueIdentifier>{4FC737F1-C7A5-4376-A066-2A32D752A2FF}</UniqueIdentifier>
      <Extensions>cpp;c;cc;cxx;def;odl;idl;hpj;bat;asm;asmx</Extensions>
    </Filter>
    <Filter Include="Header Files">
      <UniqueIdentifier>{93995380-89BD-4b04-88EB-625FBE52EBFB}</UniqueIdentifier>
      <Extensions>h;hh;hpp;hxx;hm;inl;inc;ipp;xsd</Extensions>
    </Filter>
    <Filter Include="Resource Files">
      <UniqueIdentifier>{67DA6AB6-F800-4c08-8B7A-83BB121AAD01}</UniqueIdentifier>
      <Extensions>rc;ico;cur;bmp;dlg;rc2;rct;bin;rgs;gif;jpg;jpeg;jpe;resx;tiff;tif;png;wav;mfcribbon-ms</Extensions>
    </Filter>
  </ItemGroup>
  <ItemGroup>
    <ClInclude Include="Window.h">
      <Filter>Header Files</Filter>
    </ClInclude>
    <ClInclude Include="GameEngine.h">
      <Filter>Header Files</Filter>
    </ClInclude>
    <ClInclude Include="InitError.h">
      <Filter>Header Files</Filter>
    </ClInclude>
    <ClInclude Include="SDLWrapper.h">
      <Filter>Header Files</Filter>
    </ClInclude>
    <ClInclude Include="Systems\Input\InputSystem.h">
      <Filter>Header Files</Filter>
    </ClInclude>
    <ClInclude Include="Systems\EventSystem\EventSystem.h">
      <Filter>Header Files</Filter>
    </ClInclude>
    <ClInclude Include="Object\object.h">
      <Filter>Header Files</Filter>
    </ClInclude>
    <ClInclude Include="Object\Actor.h">
      <Filter>Header Files</Filter>
    </ClInclude>
    <ClInclude Include="Object\ActorComponents\SpriteComponent.h">
      <Filter>Header Files</Filter>
    </ClInclude>
    <ClInclude Include="Logger\Logger.h">
      <Filter>Header Files</Filter>
    </ClInclude>
    <ClInclude Include="Data\DataTypes.h">
      <Filter>Header Files</Filter>
    </ClInclude>
    <ClInclude Include="Systems\Collision\CollisionSystem.h">
      <Filter>Header Files</Filter>
    </ClInclude>
    <ClInclude Include="Object\ActorComponents\CollisionComponent.h">
      <Filter>Header Files</Filter>
    </ClInclude>
  </ItemGroup>
  <ItemGroup>
    <ClCompile Include="GameEngine.cpp">
      <Filter>Source Files</Filter>
    </ClCompile>
    <ClCompile Include="InitError.cpp">
      <Filter>Source Files</Filter>
    </ClCompile>
    <ClCompile Include="SDLWrapper.cpp">
      <Filter>Source Files</Filter>
    </ClCompile>
    <ClCompile Include="Window.cpp">
      <Filter>Source Files</Filter>
    </ClCompile>
    <ClCompile Include="Systems\Input\InputSystem.cpp">
      <Filter>Source Files</Filter>
    </ClCompile>
    <ClCompile Include="Systems\EventSystem\EventSystem.cpp">
      <Filter>Source Files</Filter>
    </ClCompile>
    <ClCompile Include="Object\Actor.cpp">
      <Filter>Source Files</Filter>
    </ClCompile>
    <ClCompile Include="Object\ActorComponents\SpriteComponent.cpp">
      <Filter>Source Files</Filter>
    </ClCompile>
    <ClCompile Include="Data\DataTypes.cpp">
      <Filter>Source Files</Filter>
    </ClCompile>
    <ClCompile Include="Systems\Collision\CollisionSystem.cpp">
      <Filter>Source Files</Filter>
    </ClCompile>
  </ItemGroup>
  <ItemGroup>
    <Object Include="x64\Debug\Window.obj" />
    <Object Include="x64\Debug\Actor.obj" />
    <Object Include="x64\Debug\DataTypes.obj" />
    <Object Include="x64\Debug\EventSystem.obj" />
    <Object Include="x64\Debug\GameEngine.obj" />
    <Object Include="x64\Debug\InitError.obj" />
    <Object Include="x64\Debug\InputSystem.obj" />
    <Object Include="x64\Debug\SDLWrapper.obj" />
    <Object Include="x64\Debug\SpriteComponent.obj" />
  </ItemGroup>
  <ItemGroup>
    <Text Include="x64\Debug\Engine.Build.CppClean.log" />
    <Text Include="x64\Debug\Engine.log" />
    <Text Include="x64\Debug\Engine.vcxproj.FileListAbsolute.txt" />
  </ItemGroup>
  <ItemGroup>
    <None Include="x64\Debug\Engine.lib.recipe" />
    <None Include="x64\Debug\Engine.tlog\unsuccessfulbuild" />
    <None Include="x64\Debug\Engine.tlog\CL.command.1.tlog" />
    <None Include="x64\Debug\Engine.tlog\CL.read.1.tlog" />
    <None Include="x64\Debug\Engine.tlog\CL.write.1.tlog" />
    <None Include="x64\Debug\Engine.tlog\Engine.lastbuildstate" />
    <None Include="x64\Debug\Engine.tlog\Lib.command.1.tlog" />
    <None Include="x64\Debug\Engine.tlog\Lib-link.read.1.tlog" />
    <None Include="x64\Debug\Engine.tlog\Lib-link.write.1.tlog" />
  </ItemGroup>
</Project>